# This file is automatically @generated by Cargo.
# It is not intended for manual editing.
version = 3

[[package]]
name = "basedrop"
version = "0.1.2"
source = "registry+https://github.com/rust-lang/crates.io-index"
checksum = "47611e530cf21bb89fbfe322aa8b1feae1ace33ff65f8ebf40fe3b4b99b7c9a2"

[[package]]
name = "droptest"
version = "0.1.0"
dependencies = [
 "basedrop",
]

[[package]]
name = "mars"
version = "0.1.0"

[[package]]
name = "undohistory"
version = "0.1.0"
